
Microsoft Visual Studio Solution File, Format Version 12.00
# Visual Studio Version 17
VisualStudioVersion = 17.5.33414.496
MinimumVisualStudioVersion = 10.0.40219.1
Project("{FAE04EC0-301F-11D3-BF4B-00C04F79EFBC}") = "Sistema_Fallas_IMSS", "Sistema_Fallas_IMSS\Sistema_Fallas_IMSS.csproj", "{72B1217D-46BA-4BA1-80A5-E8A310C88039}"
EndProject
Global
	GlobalSection(SolutionConfigurationPlatforms) = preSolution
		Debug|Any CPU = Debug|Any CPU
		Release|Any CPU = Release|Any CPU
	EndGlobalSection
	GlobalSection(ProjectConfigurationPlatforms) = postSolution
		{72B1217D-46BA-4BA1-80A5-E8A310C88039}.Debug|Any CPU.ActiveCfg = Debug|Any CPU
		{72B1217D-46BA-4BA1-80A5-E8A310C88039}.Debug|Any CPU.Build.0 = Debug|Any CPU
		{72B1217D-46BA-4BA1-80A5-E8A310C88039}.Release|Any CPU.ActiveCfg = Release|Any CPU
		{72B1217D-46BA-4BA1-80A5-E8A310C88039}.Release|Any CPU.Build.0 = Release|Any CPU
	EndGlobalSection
	GlobalSection(SolutionProperties) = preSolution
		HideSolutionNode = FALSE
	EndGlobalSection
	GlobalSection(ExtensibilityGlobals) = postSolution
		SolutionGuid = {A0108C15-E798-4786-9A3D-130A3982B52F}
	EndGlobalSection
EndGlobal
